
Microsoft Visual Studio Solution File, Format Version 12.00
# Visual Studio Version 16
VisualStudioVersion = 16.0.31729.503
MinimumVisualStudioVersion = 10.0.40219.1
Project("{FAE04EC0-301F-11D3-BF4B-00C04F79EFBC}") = "Grafika5 - Mateusz Garczyński", "Grafika5 - Mateusz Garczyński\Grafika5 - Mateusz Garczyński.csproj", "{6400FFB5-1534-4977-927A-C51732269311}"
EndProject
Global
	GlobalSection(SolutionConfigurationPlatforms) = preSolution
		Debug|Any CPU = Debug|Any CPU
		Release|Any CPU = Release|Any CPU
	EndGlobalSection
	GlobalSection(ProjectConfigurationPlatforms) = postSolution
		{6400FFB5-1534-4977-927A-C51732269311}.Debug|Any CPU.ActiveCfg = Debug|Any CPU
		{6400FFB5-1534-4977-927A-C51732269311}.Debug|Any CPU.Build.0 = Debug|Any CPU
		{6400FFB5-1534-4977-927A-C51732269311}.Release|Any CPU.ActiveCfg = Release|Any CPU
		{6400FFB5-1534-4977-927A-C51732269311}.Release|Any CPU.Build.0 = Release|Any CPU
	EndGlobalSection
	GlobalSection(SolutionProperties) = preSolution
		HideSolutionNode = FALSE
	EndGlobalSection
	GlobalSection(ExtensibilityGlobals) = postSolution
		SolutionGuid = {6EF9A680-C4F5-4C9C-943A-0238DC459F33}
	EndGlobalSection
EndGlobal
